
Microsoft Visual Studio Solution File, Format Version 12.00
# Visual Studio 15
VisualStudioVersion = 15.0.27102.0
MinimumVisualStudioVersion = 10.0.40219.1
Project("{FAE04EC0-301F-11D3-BF4B-00C04F79EFBC}") = "Core", "Core\Core.csproj", "{0ACC24EB-F3C5-45BF-8C69-1044155C13BE}"
EndProject
Project("{FAE04EC0-301F-11D3-BF4B-00C04F79EFBC}") = "WinFilters", "Filters\WinFilters.csproj", "{98CB9320-BD8E-4D9C-87BB-FCD01B6D2321}"
EndProject
Global
	GlobalSection(SolutionConfigurationPlatforms) = preSolution
		Debug|Any CPU = Debug|Any CPU
		Release|Any CPU = Release|Any CPU
	EndGlobalSection
	GlobalSection(ProjectConfigurationPlatforms) = postSolution
		{0ACC24EB-F3C5-45BF-8C69-1044155C13BE}.Debug|Any CPU.ActiveCfg = Debug|Any CPU
		{0ACC24EB-F3C5-45BF-8C69-1044155C13BE}.Debug|Any CPU.Build.0 = Debug|Any CPU
		{0ACC24EB-F3C5-45BF-8C69-1044155C13BE}.Release|Any CPU.ActiveCfg = Release|Any CPU
		{0ACC24EB-F3C5-45BF-8C69-1044155C13BE}.Release|Any CPU.Build.0 = Release|Any CPU
		{98CB9320-BD8E-4D9C-87BB-FCD01B6D2321}.Debug|Any CPU.ActiveCfg = Debug|Any CPU
		{98CB9320-BD8E-4D9C-87BB-FCD01B6D2321}.Debug|Any CPU.Build.0 = Debug|Any CPU
		{98CB9320-BD8E-4D9C-87BB-FCD01B6D2321}.Release|Any CPU.ActiveCfg = Release|Any CPU
		{98CB9320-BD8E-4D9C-87BB-FCD01B6D2321}.Release|Any CPU.Build.0 = Release|Any CPU
	EndGlobalSection
	GlobalSection(SolutionProperties) = preSolution
		HideSolutionNode = FALSE
	EndGlobalSection
	GlobalSection(ExtensibilityGlobals) = postSolution
		SolutionGuid = {D2746BDC-89D4-4608-A31F-3E2D98D51F16}
	EndGlobalSection
EndGlobal
